
Microsoft Visual Studio Solution File, Format Version 12.00
# Visual Studio Version 17
VisualStudioVersion = 17.5.002.0
MinimumVisualStudioVersion = 10.0.40219.1
Project("{9A19103F-16F7-4668-BE54-9A1E7A4F7556}") = "E-Sport 1A2", "E-Sport 1A2.csproj", "{86233CF1-810B-4017-8301-60068A9AED05}"
EndProject
Global
	GlobalSection(SolutionConfigurationPlatforms) = preSolution
		Debug|Any CPU = Debug|Any CPU
		Release|Any CPU = Release|Any CPU
	EndGlobalSection
	GlobalSection(ProjectConfigurationPlatforms) = postSolution
		{86233CF1-810B-4017-8301-60068A9AED05}.Debug|Any CPU.ActiveCfg = Debug|Any CPU
		{86233CF1-810B-4017-8301-60068A9AED05}.Debug|Any CPU.Build.0 = Debug|Any CPU
		{86233CF1-810B-4017-8301-60068A9AED05}.Release|Any CPU.ActiveCfg = Release|Any CPU
		{86233CF1-810B-4017-8301-60068A9AED05}.Release|Any CPU.Build.0 = Release|Any CPU
	EndGlobalSection
	GlobalSection(SolutionProperties) = preSolution
		HideSolutionNode = FALSE
	EndGlobalSection
	GlobalSection(ExtensibilityGlobals) = postSolution
		SolutionGuid = {9531717D-7266-496B-9894-F95E8BE0F413}
	EndGlobalSection
EndGlobal
